// !$*UTF8*$!
{
	archiveVersion = 1;
	classes = {
	};
	objectVersion = 48;
	objects = {

/* Begin PBXBuildFile section */
		76328D1D1F8E65AA00BE57C6 /* Booze.swift in Sources */ = {isa = PBXBuildFile; fileRef = 76328D1C1F8E65AA00BE57C6 /* Booze.swift */; };
		7656342B1F738AE300EC6573 /* Main.storyboard in Resources */ = {isa = PBXBuildFile; fileRef = 76A793601F72A31500C53BBC /* Main.storyboard */; };
		7656342C1F738AE700EC6573 /* LaunchScreen.storyboard in Resources */ = {isa = PBXBuildFile; fileRef = 76A7935C1F72A31500C53BBC /* LaunchScreen.storyboard */; };
		766F613F1F973451002AF7C4 /* AlertView.swift in Sources */ = {isa = PBXBuildFile; fileRef = 766F613E1F973451002AF7C4 /* AlertView.swift */; };
		7680E63520E63A60009C2ED0 /* EndPointType.swift in Sources */ = {isa = PBXBuildFile; fileRef = 7680E63420E63A60009C2ED0 /* EndPointType.swift */; };
		7680E63C20E63C1F009C2ED0 /* HTTPMethod.swift in Sources */ = {isa = PBXBuildFile; fileRef = 7680E63B20E63C1F009C2ED0 /* HTTPMethod.swift */; };
		7680E63E20E63DB1009C2ED0 /* HTTPTask.swift in Sources */ = {isa = PBXBuildFile; fileRef = 7680E63D20E63DB1009C2ED0 /* HTTPTask.swift */; };
		7680E64020E63F18009C2ED0 /* ParameterEncoding.swift in Sources */ = {isa = PBXBuildFile; fileRef = 7680E63F20E63F18009C2ED0 /* ParameterEncoding.swift */; };
		7680E64220E64411009C2ED0 /* URLParameterEncoder.swift in Sources */ = {isa = PBXBuildFile; fileRef = 7680E64120E64411009C2ED0 /* URLParameterEncoder.swift */; };
		7680E64420E64815009C2ED0 /* JSONParameterEncoder.swift in Sources */ = {isa = PBXBuildFile; fileRef = 7680E64320E64815009C2ED0 /* JSONParameterEncoder.swift */; };
		7680E64620E64EF7009C2ED0 /* NetworkRouter.swift in Sources */ = {isa = PBXBuildFile; fileRef = 7680E64520E64EF7009C2ED0 /* NetworkRouter.swift */; };
		7680E64820E6514C009C2ED0 /* Router.swift in Sources */ = {isa = PBXBuildFile; fileRef = 7680E64720E6514C009C2ED0 /* Router.swift */; };
		7680E64A20E68B76009C2ED0 /* MovieEndPoint.swift in Sources */ = {isa = PBXBuildFile; fileRef = 7680E64920E68B76009C2ED0 /* MovieEndPoint.swift */; };
		7680E64C20E6D077009C2ED0 /* MovieModel.swift in Sources */ = {isa = PBXBuildFile; fileRef = 7680E64B20E6D077009C2ED0 /* MovieModel.swift */; };
		7680E64E20E6D167009C2ED0 /* NetworkManager.swift in Sources */ = {isa = PBXBuildFile; fileRef = 7680E64D20E6D167009C2ED0 /* NetworkManager.swift */; };
		76896BC81FE3D83700009094 /* UIColor+Extension.swift in Sources */ = {isa = PBXBuildFile; fileRef = 76896BC71FE3D83700009094 /* UIColor+Extension.swift */; };
		76A1252720D789EF0062D7A7 /* MapView.swift in Sources */ = {isa = PBXBuildFile; fileRef = 76A1252620D789EF0062D7A7 /* MapView.swift */; };
		76A1252920D78B4C0062D7A7 /* Result.swift in Sources */ = {isa = PBXBuildFile; fileRef = 76A1252820D78B4C0062D7A7 /* Result.swift */; };
		76A7934A1F72A0F000C53BBC /* AppDelegate.swift in Sources */ = {isa = PBXBuildFile; fileRef = 76A793491F72A0F000C53BBC /* AppDelegate.swift */; };
		76A793741F72A94700C53BBC /* LocationsManager.swift in Sources */ = {isa = PBXBuildFile; fileRef = 76A793701F72A31600C53BBC /* LocationsManager.swift */; };
		76A793761F72A95100C53BBC /* LocationViewController.swift in Sources */ = {isa = PBXBuildFile; fileRef = 76A793661F72A31600C53BBC /* LocationViewController.swift */; };
		76A793771F72A95700C53BBC /* AppID.swift in Sources */ = {isa = PBXBuildFile; fileRef = 76A793681F72A31600C53BBC /* AppID.swift */; };
		76A793791F72A95E00C53BBC /* BoozeUpIconManager.swift in Sources */ = {isa = PBXBuildFile; fileRef = 76A7936A1F72A31600C53BBC /* BoozeUpIconManager.swift */; };
		76AB939A1F8DEEE1004DC4E9 /* Assets.xcassets in Resources */ = {isa = PBXBuildFile; fileRef = 76A7936C1F72A31600C53BBC /* Assets.xcassets */; };
		76B2F5B420E7B35F0035067E /* SecViewController.swift in Sources */ = {isa = PBXBuildFile; fileRef = 76B2F5B320E7B35F0035067E /* SecViewController.swift */; };
		76B2F5B620E7B40C0035067E /* NetworkLogger.swift in Sources */ = {isa = PBXBuildFile; fileRef = 76B2F5B520E7B40C0035067E /* NetworkLogger.swift */; };
		76C8259E20D511E6002E7289 /* Coordinates.swift in Sources */ = {isa = PBXBuildFile; fileRef = 76C8259D20D511E6002E7289 /* Coordinates.swift */; };
		76F0A59C20EA26E200035DFA /* UIViewController+Extension.swift in Sources */ = {isa = PBXBuildFile; fileRef = 76F0A59B20EA26E200035DFA /* UIViewController+Extension.swift */; };
/* End PBXBuildFile section */

/* Begin PBXFileReference section */
		762B72892073492F00C72F8F /* ObjectMapper.framework */ = {isa = PBXFileReference; lastKnownFileType = wrapper.framework; name = ObjectMapper.framework; path = Carthage/Build/iOS/ObjectMapper.framework; sourceTree = "<group>"; };
		762B728A2073492F00C72F8F /* GoogleMaps.framework */ = {isa = PBXFileReference; lastKnownFileType = wrapper.framework; name = GoogleMaps.framework; path = Carthage/Build/iOS/GoogleMaps.framework; sourceTree = "<group>"; };
		762B728B2073492F00C72F8F /* InstructionsAppExtensions.framework */ = {isa = PBXFileReference; lastKnownFileType = wrapper.framework; name = InstructionsAppExtensions.framework; path = Carthage/Build/iOS/InstructionsAppExtensions.framework; sourceTree = "<group>"; };
		762B728C2073492F00C72F8F /* Instructions.framework */ = {isa = PBXFileReference; lastKnownFileType = wrapper.framework; name = Instructions.framework; path = Carthage/Build/iOS/Instructions.framework; sourceTree = "<group>"; };
		762B728D2073492F00C72F8F /* GoogleMapsCore.framework */ = {isa = PBXFileReference; lastKnownFileType = wrapper.framework; name = GoogleMapsCore.framework; path = Carthage/Build/iOS/GoogleMapsCore.framework; sourceTree = "<group>"; };
		762B728E2073492F00C72F8F /* GoogleMapsBase.framework */ = {isa = PBXFileReference; lastKnownFileType = wrapper.framework; name = GoogleMapsBase.framework; path = Carthage/Build/iOS/GoogleMapsBase.framework; sourceTree = "<group>"; };
		762B728F2073492F00C72F8F /* Alamofire.framework */ = {isa = PBXFileReference; lastKnownFileType = wrapper.framework; name = Alamofire.framework; path = Carthage/Build/iOS/Alamofire.framework; sourceTree = "<group>"; };
		762B72902073492F00C72F8F /* CFNotify.framework */ = {isa = PBXFileReference; lastKnownFileType = wrapper.framework; name = CFNotify.framework; path = Carthage/Build/iOS/CFNotify.framework; sourceTree = "<group>"; };
		762B72912073492F00C72F8F /* GoogleMapsM4B.framework */ = {isa = PBXFileReference; lastKnownFileType = wrapper.framework; name = GoogleMapsM4B.framework; path = Carthage/Build/iOS/GoogleMapsM4B.framework; sourceTree = "<group>"; };
		76328D1C1F8E65AA00BE57C6 /* Booze.swift */ = {isa = PBXFileReference; lastKnownFileType = sourcecode.swift; path = Booze.swift; sourceTree = "<group>"; };
		766F613E1F973451002AF7C4 /* AlertView.swift */ = {isa = PBXFileReference; lastKnownFileType = sourcecode.swift; path = AlertView.swift; sourceTree = "<group>"; };
		7680E63420E63A60009C2ED0 /* EndPointType.swift */ = {isa = PBXFileReference; lastKnownFileType = sourcecode.swift; path = EndPointType.swift; sourceTree = "<group>"; };
		7680E63B20E63C1F009C2ED0 /* HTTPMethod.swift */ = {isa = PBXFileReference; lastKnownFileType = sourcecode.swift; path = HTTPMethod.swift; sourceTree = "<group>"; };
		7680E63D20E63DB1009C2ED0 /* HTTPTask.swift */ = {isa = PBXFileReference; lastKnownFileType = sourcecode.swift; path = HTTPTask.swift; sourceTree = "<group>"; };
		7680E63F20E63F18009C2ED0 /* ParameterEncoding.swift */ = {isa = PBXFileReference; lastKnownFileType = sourcecode.swift; path = ParameterEncoding.swift; sourceTree = "<group>"; };
		7680E64120E64411009C2ED0 /* URLParameterEncoder.swift */ = {isa = PBXFileReference; lastKnownFileType = sourcecode.swift; path = URLParameterEncoder.swift; sourceTree = "<group>"; };
		7680E64320E64815009C2ED0 /* JSONParameterEncoder.swift */ = {isa = PBXFileReference; lastKnownFileType = sourcecode.swift; path = JSONParameterEncoder.swift; sourceTree = "<group>"; };
		7680E64520E64EF7009C2ED0 /* NetworkRouter.swift */ = {isa = PBXFileReference; lastKnownFileType = sourcecode.swift; path = NetworkRouter.swift; sourceTree = "<group>"; };
		7680E64720E6514C009C2ED0 /* Router.swift */ = {isa = PBXFileReference; lastKnownFileType = sourcecode.swift; path = Router.swift; sourceTree = "<group>"; };
		7680E64920E68B76009C2ED0 /* MovieEndPoint.swift */ = {isa = PBXFileReference; lastKnownFileType = sourcecode.swift; path = MovieEndPoint.swift; sourceTree = "<group>"; };
		7680E64B20E6D077009C2ED0 /* MovieModel.swift */ = {isa = PBXFileReference; lastKnownFileType = sourcecode.swift; path = MovieModel.swift; sourceTree = "<group>"; };
		7680E64D20E6D167009C2ED0 /* NetworkManager.swift */ = {isa = PBXFileReference; lastKnownFileType = sourcecode.swift; path = NetworkManager.swift; sourceTree = "<group>"; };
		76896BC71FE3D83700009094 /* UIColor+Extension.swift */ = {isa = PBXFileReference; lastKnownFileType = sourcecode.swift; path = "UIColor+Extension.swift"; sourceTree = "<group>"; };
		76A1252620D789EF0062D7A7 /* MapView.swift */ = {isa = PBXFileReference; lastKnownFileType = sourcecode.swift; path = MapView.swift; sourceTree = "<group>"; };
		76A1252820D78B4C0062D7A7 /* Result.swift */ = {isa = PBXFileReference; fileEncoding = 4; lastKnownFileType = sourcecode.swift; path = Result.swift; sourceTree = "<group>"; };
		76A793461F72A0F000C53BBC /* I am drinking.app */ = {isa = PBXFileReference; explicitFileType = wrapper.application; includeInIndex = 0; path = "I am drinking.app"; sourceTree = BUILT_PRODUCTS_DIR; };
		76A793491F72A0F000C53BBC /* AppDelegate.swift */ = {isa = PBXFileReference; lastKnownFileType = sourcecode.swift; path = AppDelegate.swift; sourceTree = "<group>"; };
		76A793551F72A0F000C53BBC /* Info.plist */ = {isa = PBXFileReference; lastKnownFileType = text.plist.xml; path = Info.plist; sourceTree = "<group>"; };
		76A7935D1F72A31500C53BBC /* Base */ = {isa = PBXFileReference; lastKnownFileType = file.storyboard; name = Base; path = Base.lproj/LaunchScreen.storyboard; sourceTree = "<group>"; };
		76A793611F72A31500C53BBC /* Base */ = {isa = PBXFileReference; lastKnownFileType = file.storyboard; name = Base; path = Base.lproj/Main.storyboard; sourceTree = "<group>"; };
		76A793631F72A31500C53BBC /* en */ = {isa = PBXFileReference; lastKnownFileType = text.plist.strings; name = en; path = en.lproj/Main.strings; sourceTree = "<group>"; };
		76A793661F72A31600C53BBC /* LocationViewController.swift */ = {isa = PBXFileReference; lastKnownFileType = sourcecode.swift; path = LocationViewController.swift; sourceTree = "<group>"; };
		76A793681F72A31600C53BBC /* AppID.swift */ = {isa = PBXFileReference; lastKnownFileType = sourcecode.swift; path = AppID.swift; sourceTree = "<group>"; };
		76A7936A1F72A31600C53BBC /* BoozeUpIconManager.swift */ = {isa = PBXFileReference; lastKnownFileType = sourcecode.swift; path = BoozeUpIconManager.swift; sourceTree = "<group>"; };
		76A7936C1F72A31600C53BBC /* Assets.xcassets */ = {isa = PBXFileReference; lastKnownFileType = folder.assetcatalog; path = Assets.xcassets; sourceTree = "<group>"; };
		76A793701F72A31600C53BBC /* LocationsManager.swift */ = {isa = PBXFileReference; lastKnownFileType = sourcecode.swift; path = LocationsManager.swift; sourceTree = "<group>"; };
		76B2F5B320E7B35F0035067E /* SecViewController.swift */ = {isa = PBXFileReference; lastKnownFileType = sourcecode.swift; path = SecViewController.swift; sourceTree = "<group>"; };
		76B2F5B520E7B40C0035067E /* NetworkLogger.swift */ = {isa = PBXFileReference; lastKnownFileType = sourcecode.swift; path = NetworkLogger.swift; sourceTree = "<group>"; };
		76C8259D20D511E6002E7289 /* Coordinates.swift */ = {isa = PBXFileReference; lastKnownFileType = sourcecode.swift; path = Coordinates.swift; sourceTree = "<group>"; };
		76F0A59B20EA26E200035DFA /* UIViewController+Extension.swift */ = {isa = PBXFileReference; lastKnownFileType = sourcecode.swift; path = "UIViewController+Extension.swift"; sourceTree = "<group>"; };
/* End PBXFileReference section */

/* Begin PBXFrameworksBuildPhase section */
		76A793431F72A0F000C53BBC /* Frameworks */ = {
			isa = PBXFrameworksBuildPhase;
			buildActionMask = 2147483647;
			files = (
			);
			runOnlyForDeploymentPostprocessing = 0;
		};
/* End PBXFrameworksBuildPhase section */

/* Begin PBXGroup section */
		762B72882073492F00C72F8F /* Frameworks */ = {
			isa = PBXGroup;
			children = (
				762B728F2073492F00C72F8F /* Alamofire.framework */,
				762B72902073492F00C72F8F /* CFNotify.framework */,
				762B728A2073492F00C72F8F /* GoogleMaps.framework */,
				762B728E2073492F00C72F8F /* GoogleMapsBase.framework */,
				762B728D2073492F00C72F8F /* GoogleMapsCore.framework */,
				762B72912073492F00C72F8F /* GoogleMapsM4B.framework */,
				762B728C2073492F00C72F8F /* Instructions.framework */,
				762B728B2073492F00C72F8F /* InstructionsAppExtensions.framework */,
				762B72892073492F00C72F8F /* ObjectMapper.framework */,
			);
			name = Frameworks;
			sourceTree = "<group>";
		};
		7680E63620E63A71009C2ED0 /* Networking */ = {
			isa = PBXGroup;
			children = (
				7680E63820E63AFC009C2ED0 /* EndPoint */,
				7680E63920E63B12009C2ED0 /* Manager */,
				7680E63720E63AF1009C2ED0 /* Service */,
				7680E63A20E63B1F009C2ED0 /* Encoding */,
			);
			path = Networking;
			sourceTree = "<group>";
		};
		7680E63720E63AF1009C2ED0 /* Service */ = {
			isa = PBXGroup;
			children = (
				7680E63420E63A60009C2ED0 /* EndPointType.swift */,
				7680E63B20E63C1F009C2ED0 /* HTTPMethod.swift */,
				7680E63D20E63DB1009C2ED0 /* HTTPTask.swift */,
				7680E64520E64EF7009C2ED0 /* NetworkRouter.swift */,
				7680E64720E6514C009C2ED0 /* Router.swift */,
				76B2F5B520E7B40C0035067E /* NetworkLogger.swift */,
			);
			path = Service;
			sourceTree = "<group>";
		};
		7680E63820E63AFC009C2ED0 /* EndPoint */ = {
			isa = PBXGroup;
			children = (
				7680E64920E68B76009C2ED0 /* MovieEndPoint.swift */,
			);
			path = EndPoint;
			sourceTree = "<group>";
		};
		7680E63920E63B12009C2ED0 /* Manager */ = {
			isa = PBXGroup;
			children = (
				76A1252820D78B4C0062D7A7 /* Result.swift */,
				7680E64D20E6D167009C2ED0 /* NetworkManager.swift */,
			);
			path = Manager;
			sourceTree = "<group>";
		};
		7680E63A20E63B1F009C2ED0 /* Encoding */ = {
			isa = PBXGroup;
			children = (
				7680E63F20E63F18009C2ED0 /* ParameterEncoding.swift */,
				7680E64120E64411009C2ED0 /* URLParameterEncoder.swift */,
				7680E64320E64815009C2ED0 /* JSONParameterEncoder.swift */,
			);
			path = Encoding;
			sourceTree = "<group>";
		};
		76896BC61FE3D7E500009094 /* Extensions */ = {
			isa = PBXGroup;
			children = (
				76896BC71FE3D83700009094 /* UIColor+Extension.swift */,
				76F0A59B20EA26E200035DFA /* UIViewController+Extension.swift */,
			);
			path = Extensions;
			sourceTree = "<group>";
		};
		76A7933D1F72A0F000C53BBC = {
			isa = PBXGroup;
			children = (
				76A793481F72A0F000C53BBC /* I am drinking */,
				76A793641F72A31600C53BBC /* Sources */,
				76A7935B1F72A31500C53BBC /* Storyboards */,
				76A793471F72A0F000C53BBC /* Products */,
				762B72882073492F00C72F8F /* Frameworks */,
			);
			sourceTree = "<group>";
		};
		76A793471F72A0F000C53BBC /* Products */ = {
			isa = PBXGroup;
			children = (
				76A793461F72A0F000C53BBC /* I am drinking.app */,
			);
			name = Products;
			sourceTree = "<group>";
		};
		76A793481F72A0F000C53BBC /* I am drinking */ = {
			isa = PBXGroup;
			children = (
				76A793681F72A31600C53BBC /* AppID.swift */,
				76A1252620D789EF0062D7A7 /* MapView.swift */,
				76A793491F72A0F000C53BBC /* AppDelegate.swift */,
				76A793551F72A0F000C53BBC /* Info.plist */,
			);
			path = "I am drinking";
			sourceTree = "<group>";
		};
		76A7935B1F72A31500C53BBC /* Storyboards */ = {
			isa = PBXGroup;
			children = (
				76A7935C1F72A31500C53BBC /* LaunchScreen.storyboard */,
				76A793601F72A31500C53BBC /* Main.storyboard */,
				76A793621F72A31500C53BBC /* Main.strings */,
			);
			path = Storyboards;
			sourceTree = "<group>";
		};
		76A793641F72A31600C53BBC /* Sources */ = {
			isa = PBXGroup;
			children = (
				76A793651F72A31600C53BBC /* ViewControllers */,
				76A793671F72A31600C53BBC /* Models */,
				76A7936D1F72A31600C53BBC /* Utilities */,
				76896BC61FE3D7E500009094 /* Extensions */,
				76A7936B1F72A31600C53BBC /* Resources */,
			);
			path = Sources;
			sourceTree = "<group>";
		};
		76A793651F72A31600C53BBC /* ViewControllers */ = {
			isa = PBXGroup;
			children = (
				76A793661F72A31600C53BBC /* LocationViewController.swift */,
				76B2F5B320E7B35F0035067E /* SecViewController.swift */,
			);
			path = ViewControllers;
			sourceTree = "<group>";
		};
		76A793671F72A31600C53BBC /* Models */ = {
			isa = PBXGroup;
			children = (
				76C8259D20D511E6002E7289 /* Coordinates.swift */,
				76328D1C1F8E65AA00BE57C6 /* Booze.swift */,
				76A7936A1F72A31600C53BBC /* BoozeUpIconManager.swift */,
				7680E64B20E6D077009C2ED0 /* MovieModel.swift */,
			);
			path = Models;
			sourceTree = "<group>";
		};
		76A7936B1F72A31600C53BBC /* Resources */ = {
			isa = PBXGroup;
			children = (
				76A7936C1F72A31600C53BBC /* Assets.xcassets */,
			);
			path = Resources;
			sourceTree = "<group>";
		};
		76A7936D1F72A31600C53BBC /* Utilities */ = {
			isa = PBXGroup;
			children = (
				7680E63620E63A71009C2ED0 /* Networking */,
				76A793701F72A31600C53BBC /* LocationsManager.swift */,
				766F613E1F973451002AF7C4 /* AlertView.swift */,
			);
			path = Utilities;
			sourceTree = "<group>";
		};
/* End PBXGroup section */

/* Begin PBXNativeTarget section */
		76A793451F72A0F000C53BBC /* I am drinking */ = {
			isa = PBXNativeTarget;
			buildConfigurationList = 76A793581F72A0F000C53BBC /* Build configuration list for PBXNativeTarget "I am drinking" */;
			buildPhases = (
				76A793421F72A0F000C53BBC /* Sources */,
				76A793431F72A0F000C53BBC /* Frameworks */,
				76A793441F72A0F000C53BBC /* Resources */,
				765947B61FCAB10D0071108D /* ShellScript */,
			);
			buildRules = (
			);
			dependencies = (
			);
			name = "I am drinking";
			productName = "I am drinking";
			productReference = 76A793461F72A0F000C53BBC /* I am drinking.app */;
			productType = "com.apple.product-type.application";
		};
/* End PBXNativeTarget section */

/* Begin PBXProject section */
		76A7933E1F72A0F000C53BBC /* Project object */ = {
			isa = PBXProject;
			attributes = {
				LastSwiftUpdateCheck = 0900;
				LastUpgradeCheck = 0930;
				ORGANIZATIONNAME = "Vadym Yakovliev";
				TargetAttributes = {
					76A793451F72A0F000C53BBC = {
						CreatedOnToolsVersion = 9.0;
						ProvisioningStyle = Automatic;
					};
				};
			};
			buildConfigurationList = 76A793411F72A0F000C53BBC /* Build configuration list for PBXProject "I am drinking" */;
			compatibilityVersion = "Xcode 8.0";
			developmentRegion = en;
			hasScannedForEncodings = 0;
			knownRegions = (
				en,
				Base,
			);
			mainGroup = 76A7933D1F72A0F000C53BBC;
			productRefGroup = 76A793471F72A0F000C53BBC /* Products */;
			projectDirPath = "";
			projectRoot = "";
			targets = (
				76A793451F72A0F000C53BBC /* I am drinking */,
			);
		};
/* End PBXProject section */

/* Begin PBXResourcesBuildPhase section */
		76A793441F72A0F000C53BBC /* Resources */ = {
			isa = PBXResourcesBuildPhase;
			buildActionMask = 2147483647;
			files = (
				7656342B1F738AE300EC6573 /* Main.storyboard in Resources */,
				76AB939A1F8DEEE1004DC4E9 /* Assets.xcassets in Resources */,
				7656342C1F738AE700EC6573 /* LaunchScreen.storyboard in Resources */,
			);
			runOnlyForDeploymentPostprocessing = 0;
		};
/* End PBXResourcesBuildPhase section */

/* Begin PBXShellScriptBuildPhase section */
		765947B61FCAB10D0071108D /* ShellScript */ = {
			isa = PBXShellScriptBuildPhase;
			buildActionMask = 2147483647;
			files = (
			);
			inputPaths = (
			);
			outputPaths = (
			);
			runOnlyForDeploymentPostprocessing = 0;
			shellPath = /bin/sh;
			shellScript = "TAGS=\"TODO:|FIXME:|WARNING:\"\nERRORTAG=\"ERROR:\"\nfind \"${SRCROOT}\" \\( -name \"*.h\" -or -name \"*.m\" -or -name \"*.swift\" \\) -print0 | xargs -0 egrep --with-filename --line-number --only-matching \"($TAGS).*\\$|($ERRORTAG).*\\$\" | perl -p -e \"s/($TAGS)/ warning: \\$1/\"| perl -p -e \"s/($ERRORTAG)/ error: \\$1/\"";
		};
/* End PBXShellScriptBuildPhase section */

/* Begin PBXSourcesBuildPhase section */
		76A793421F72A0F000C53BBC /* Sources */ = {
			isa = PBXSourcesBuildPhase;
			buildActionMask = 2147483647;
			files = (
				7680E64820E6514C009C2ED0 /* Router.swift in Sources */,
				7680E64420E64815009C2ED0 /* JSONParameterEncoder.swift in Sources */,
				7680E64220E64411009C2ED0 /* URLParameterEncoder.swift in Sources */,
				7680E64020E63F18009C2ED0 /* ParameterEncoding.swift in Sources */,
				7680E63520E63A60009C2ED0 /* EndPointType.swift in Sources */,
				76A793741F72A94700C53BBC /* LocationsManager.swift in Sources */,
				7680E64A20E68B76009C2ED0 /* MovieEndPoint.swift in Sources */,
				76A793791F72A95E00C53BBC /* BoozeUpIconManager.swift in Sources */,
				766F613F1F973451002AF7C4 /* AlertView.swift in Sources */,
				76A1252920D78B4C0062D7A7 /* Result.swift in Sources */,
				7680E64C20E6D077009C2ED0 /* MovieModel.swift in Sources */,
				76A793771F72A95700C53BBC /* AppID.swift in Sources */,
				76A1252720D789EF0062D7A7 /* MapView.swift in Sources */,
				76F0A59C20EA26E200035DFA /* UIViewController+Extension.swift in Sources */,
				76A793761F72A95100C53BBC /* LocationViewController.swift in Sources */,
				76C8259E20D511E6002E7289 /* Coordinates.swift in Sources */,
				7680E63E20E63DB1009C2ED0 /* HTTPTask.swift in Sources */,
				7680E63C20E63C1F009C2ED0 /* HTTPMethod.swift in Sources */,
				76B2F5B620E7B40C0035067E /* NetworkLogger.swift in Sources */,
				76328D1D1F8E65AA00BE57C6 /* Booze.swift in Sources */,
				76896BC81FE3D83700009094 /* UIColor+Extension.swift in Sources */,
				76B2F5B420E7B35F0035067E /* SecViewController.swift in Sources */,
				76A7934A1F72A0F000C53BBC /* AppDelegate.swift in Sources */,
				7680E64E20E6D167009C2ED0 /* NetworkManager.swift in Sources */,
				7680E64620E64EF7009C2ED0 /* NetworkRouter.swift in Sources */,
			);
			runOnlyForDeploymentPostprocessing = 0;
		};
/* End PBXSourcesBuildPhase section */

/* Begin PBXVariantGroup section */
		76A7935C1F72A31500C53BBC /* LaunchScreen.storyboard */ = {
			isa = PBXVariantGroup;
			children = (
				76A7935D1F72A31500C53BBC /* Base */,
			);
			name = LaunchScreen.storyboard;
			sourceTree = "<group>";
		};
		76A793601F72A31500C53BBC /* Main.storyboard */ = {
			isa = PBXVariantGroup;
			children = (
				76A793611F72A31500C53BBC /* Base */,
			);
			name = Main.storyboard;
			sourceTree = "<group>";
		};
		76A793621F72A31500C53BBC /* Main.strings */ = {
			isa = PBXVariantGroup;
			children = (
				76A793631F72A31500C53BBC /* en */,
			);
			name = Main.strings;
			sourceTree = "<group>";
		};
/* End PBXVariantGroup section */

/* Begin XCBuildConfiguration section */
		76A793561F72A0F000C53BBC /* Debug */ = {
			isa = XCBuildConfiguration;
			buildSettings = {
				ALWAYS_SEARCH_USER_PATHS = NO;
				CLANG_ANALYZER_NONNULL = YES;
				CLANG_ANALYZER_NUMBER_OBJECT_CONVERSION = YES_AGGRESSIVE;
				CLANG_CXX_LANGUAGE_STANDARD = "gnu++14";
				CLANG_CXX_LIBRARY = "libc++";
				CLANG_ENABLE_MODULES = YES;
				CLANG_ENABLE_OBJC_ARC = YES;
				CLANG_WARN_BLOCK_CAPTURE_AUTORELEASING = YES;
				CLANG_WARN_BOOL_CONVERSION = YES;
				CLANG_WARN_COMMA = YES;
				CLANG_WARN_CONSTANT_CONVERSION = YES;
				CLANG_WARN_DEPRECATED_OBJC_IMPLEMENTATIONS = YES;
				CLANG_WARN_DIRECT_OBJC_ISA_USAGE = YES_ERROR;
				CLANG_WARN_DOCUMENTATION_COMMENTS = YES;
				CLANG_WARN_EMPTY_BODY = YES;
				CLANG_WARN_ENUM_CONVERSION = YES;
				CLANG_WARN_INFINITE_RECURSION = YES;
				CLANG_WARN_INT_CONVERSION = YES;
				CLANG_WARN_NON_LITERAL_NULL_CONVERSION = YES;
				CLANG_WARN_OBJC_IMPLICIT_RETAIN_SELF = YES;
				CLANG_WARN_OBJC_LITERAL_CONVERSION = YES;
				CLANG_WARN_OBJC_ROOT_CLASS = YES_ERROR;
				CLANG_WARN_RANGE_LOOP_ANALYSIS = YES;
				CLANG_WARN_STRICT_PROTOTYPES = YES;
				CLANG_WARN_SUSPICIOUS_MOVE = YES;
				CLANG_WARN_UNGUARDED_AVAILABILITY = YES_AGGRESSIVE;
				CLANG_WARN_UNREACHABLE_CODE = YES;
				CLANG_WARN__DUPLICATE_METHOD_MATCH = YES;
				CODE_SIGN_IDENTITY = "iPhone Developer";
				COPY_PHASE_STRIP = NO;
				DEBUG_INFORMATION_FORMAT = dwarf;
				ENABLE_STRICT_OBJC_MSGSEND = YES;
				ENABLE_TESTABILITY = YES;
				GCC_C_LANGUAGE_STANDARD = gnu11;
				GCC_DYNAMIC_NO_PIC = NO;
				GCC_NO_COMMON_BLOCKS = YES;
				GCC_OPTIMIZATION_LEVEL = 0;
				GCC_PREPROCESSOR_DEFINITIONS = (
					"DEBUG=1",
					"$(inherited)",
				);
				GCC_WARN_64_TO_32_BIT_CONVERSION = YES;
				GCC_WARN_ABOUT_RETURN_TYPE = YES_ERROR;
				GCC_WARN_UNDECLARED_SELECTOR = YES;
				GCC_WARN_UNINITIALIZED_AUTOS = YES_AGGRESSIVE;
				GCC_WARN_UNUSED_FUNCTION = YES;
				GCC_WARN_UNUSED_VARIABLE = YES;
				IPHONEOS_DEPLOYMENT_TARGET = 10.0;
				MTL_ENABLE_DEBUG_INFO = YES;
				ONLY_ACTIVE_ARCH = YES;
				SDKROOT = iphoneos;
				SWIFT_ACTIVE_COMPILATION_CONDITIONS = DEBUG;
				SWIFT_OPTIMIZATION_LEVEL = "-Onone";
			};
			name = Debug;
		};
		76A793571F72A0F000C53BBC /* Release */ = {
			isa = XCBuildConfiguration;
			buildSettings = {
				ALWAYS_SEARCH_USER_PATHS = NO;
				CLANG_ANALYZER_NONNULL = YES;
				CLANG_ANALYZER_NUMBER_OBJECT_CONVERSION = YES_AGGRESSIVE;
				CLANG_CXX_LANGUAGE_STANDARD = "gnu++14";
				CLANG_CXX_LIBRARY = "libc++";
				CLANG_ENABLE_MODULES = YES;
				CLANG_ENABLE_OBJC_ARC = YES;
				CLANG_WARN_BLOCK_CAPTURE_AUTORELEASING = YES;
				CLANG_WARN_BOOL_CONVERSION = YES;
				CLANG_WARN_COMMA = YES;
				CLANG_WARN_CONSTANT_CONVERSION = YES;
				CLANG_WARN_DEPRECATED_OBJC_IMPLEMENTATIONS = YES;
				CLANG_WARN_DIRECT_OBJC_ISA_USAGE = YES_ERROR;
				CLANG_WARN_DOCUMENTATION_COMMENTS = YES;
				CLANG_WARN_EMPTY_BODY = YES;
				CLANG_WARN_ENUM_CONVERSION = YES;
				CLANG_WARN_INFINITE_RECURSION = YES;
				CLANG_WARN_INT_CONVERSION = YES;
				CLANG_WARN_NON_LITERAL_NULL_CONVERSION = YES;
				CLANG_WARN_OBJC_IMPLICIT_RETAIN_SELF = YES;
				CLANG_WARN_OBJC_LITERAL_CONVERSION = YES;
				CLANG_WARN_OBJC_ROOT_CLASS = YES_ERROR;
				CLANG_WARN_RANGE_LOOP_ANALYSIS = YES;
				CLANG_WARN_STRICT_PROTOTYPES = YES;
				CLANG_WARN_SUSPICIOUS_MOVE = YES;
				CLANG_WARN_UNGUARDED_AVAILABILITY = YES_AGGRESSIVE;
				CLANG_WARN_UNREACHABLE_CODE = YES;
				CLANG_WARN__DUPLICATE_METHOD_MATCH = YES;
				CODE_SIGN_IDENTITY = "iPhone Developer";
				COPY_PHASE_STRIP = NO;
				DEBUG_INFORMATION_FORMAT = "dwarf-with-dsym";
				ENABLE_NS_ASSERTIONS = NO;
				ENABLE_STRICT_OBJC_MSGSEND = YES;
				GCC_C_LANGUAGE_STANDARD = gnu11;
				GCC_NO_COMMON_BLOCKS = YES;
				GCC_WARN_64_TO_32_BIT_CONVERSION = YES;
				GCC_WARN_ABOUT_RETURN_TYPE = YES_ERROR;
				GCC_WARN_UNDECLARED_SELECTOR = YES;
				GCC_WARN_UNINITIALIZED_AUTOS = YES_AGGRESSIVE;
				GCC_WARN_UNUSED_FUNCTION = YES;
				GCC_WARN_UNUSED_VARIABLE = YES;
				IPHONEOS_DEPLOYMENT_TARGET = 10.0;
				MTL_ENABLE_DEBUG_INFO = NO;
				SDKROOT = iphoneos;
				SWIFT_OPTIMIZATION_LEVEL = "-Owholemodule";
				VALIDATE_PRODUCT = YES;
			};
			name = Release;
		};
		76A793591F72A0F000C53BBC /* Debug */ = {
			isa = XCBuildConfiguration;
			buildSettings = {
				ASSETCATALOG_COMPILER_APPICON_NAME = AppIcon;
				CODE_SIGN_STYLE = Automatic;
				DEBUG_INFORMATION_FORMAT = "dwarf-with-dsym";
				DEVELOPMENT_TEAM = 4PU97M7F5F;
				INFOPLIST_FILE = "I am drinking/Info.plist";
				IPHONEOS_DEPLOYMENT_TARGET = 10.0;
				LD_RUNPATH_SEARCH_PATHS = "$(inherited) @executable_path/Frameworks";
				PRODUCT_BUNDLE_IDENTIFIER = "com.vadymyakovliev.I-am-drinking";
				PRODUCT_NAME = "$(TARGET_NAME)";
				SWIFT_VERSION = 4.0;
				TARGETED_DEVICE_FAMILY = 1;
			};
			name = Debug;
		};
		76A7935A1F72A0F000C53BBC /* Release */ = {
			isa = XCBuildConfiguration;
			buildSettings = {
				ASSETCATALOG_COMPILER_APPICON_NAME = AppIcon;
				CODE_SIGN_STYLE = Automatic;
				DEBUG_INFORMATION_FORMAT = "dwarf-with-dsym";
				DEVELOPMENT_TEAM = 4PU97M7F5F;
				INFOPLIST_FILE = "I am drinking/Info.plist";
				IPHONEOS_DEPLOYMENT_TARGET = 10.0;
				LD_RUNPATH_SEARCH_PATHS = "$(inherited) @executable_path/Frameworks";
				PRODUCT_BUNDLE_IDENTIFIER = "com.vadymyakovliev.I-am-drinking";
				PRODUCT_NAME = "$(TARGET_NAME)";
				SWIFT_VERSION = 4.0;
				TARGETED_DEVICE_FAMILY = 1;
			};
			name = Release;
		};
/* End XCBuildConfiguration section */

/* Begin XCConfigurationList section */
		76A793411F72A0F000C53BBC /* Build configuration list for PBXProject "I am drinking" */ = {
			isa = XCConfigurationList;
			buildConfigurations = (
				76A793561F72A0F000C53BBC /* Debug */,
				76A793571F72A0F000C53BBC /* Release */,
			);
			defaultConfigurationIsVisible = 0;
			defaultConfigurationName = Release;
		};
		76A793581F72A0F000C53BBC /* Build configuration list for PBXNativeTarget "I am drinking" */ = {
			isa = XCConfigurationList;
			buildConfigurations = (
				76A793591F72A0F000C53BBC /* Debug */,
				76A7935A1F72A0F000C53BBC /* Release */,
			);
			defaultConfigurationIsVisible = 0;
			defaultConfigurationName = Release;
		};
/* End XCConfigurationList section */
	};
	rootObject = 76A7933E1F72A0F000C53BBC /* Project object */;
}
