// !$*UTF8*$!
{
	archiveVersion = 1;
	classes = {
	};
	objectVersion = 48;
	objects = {

/* Begin PBXBuildFile section */
		1283BA5E26FB1C939CED08E1 /* Pods_I_am_drinking.framework in Frameworks */ = {isa = PBXBuildFile; fileRef = 8255D2EB871BA30AA364788A /* Pods_I_am_drinking.framework */; };
		76328D1D1F8E65AA00BE57C6 /* BoozeUp.swift in Sources */ = {isa = PBXBuildFile; fileRef = 76328D1C1F8E65AA00BE57C6 /* BoozeUp.swift */; };
		7656342B1F738AE300EC6573 /* Main.storyboard in Resources */ = {isa = PBXBuildFile; fileRef = 76A793601F72A31500C53BBC /* Main.storyboard */; };
		7656342C1F738AE700EC6573 /* LaunchScreen.storyboard in Resources */ = {isa = PBXBuildFile; fileRef = 76A7935C1F72A31500C53BBC /* LaunchScreen.storyboard */; };
		7665F3C51F9CAE9700124A18 /* EndPoints.swift in Sources */ = {isa = PBXBuildFile; fileRef = 7665F3C31F9CAE9700124A18 /* EndPoints.swift */; };
		7665F3C61F9CAE9700124A18 /* NetworkManager.swift in Sources */ = {isa = PBXBuildFile; fileRef = 7665F3C41F9CAE9700124A18 /* NetworkManager.swift */; };
		766F23091F8F56770064EF77 /* Types.swift in Sources */ = {isa = PBXBuildFile; fileRef = 766F23081F8F56770064EF77 /* Types.swift */; };
		766F613F1F973451002AF7C4 /* Configuration.swift in Sources */ = {isa = PBXBuildFile; fileRef = 766F613E1F973451002AF7C4 /* Configuration.swift */; };
		767D9A5B1FBB85C700682C88 /* BaseResponse.swift in Sources */ = {isa = PBXBuildFile; fileRef = 767D9A5A1FBB85C700682C88 /* BaseResponse.swift */; };
		76896BC81FE3D83700009094 /* UIColor+Extension.swift in Sources */ = {isa = PBXBuildFile; fileRef = 76896BC71FE3D83700009094 /* UIColor+Extension.swift */; };
		76A7934A1F72A0F000C53BBC /* AppDelegate.swift in Sources */ = {isa = PBXBuildFile; fileRef = 76A793491F72A0F000C53BBC /* AppDelegate.swift */; };
		76A793741F72A94700C53BBC /* LocationsManager.swift in Sources */ = {isa = PBXBuildFile; fileRef = 76A793701F72A31600C53BBC /* LocationsManager.swift */; };
		76A793751F72A94A00C53BBC /* ApiKeys.swift in Sources */ = {isa = PBXBuildFile; fileRef = 76A7936F1F72A31600C53BBC /* ApiKeys.swift */; };
		76A793761F72A95100C53BBC /* LocationViewController.swift in Sources */ = {isa = PBXBuildFile; fileRef = 76A793661F72A31600C53BBC /* LocationViewController.swift */; };
		76A793771F72A95700C53BBC /* DeviceID.swift in Sources */ = {isa = PBXBuildFile; fileRef = 76A793681F72A31600C53BBC /* DeviceID.swift */; };
		76A793791F72A95E00C53BBC /* BoozeUpIconManager.swift in Sources */ = {isa = PBXBuildFile; fileRef = 76A7936A1F72A31600C53BBC /* BoozeUpIconManager.swift */; };
		76AB939A1F8DEEE1004DC4E9 /* Assets.xcassets in Resources */ = {isa = PBXBuildFile; fileRef = 76A7936C1F72A31600C53BBC /* Assets.xcassets */; };
/* End PBXBuildFile section */

/* Begin PBXFileReference section */
		76328D1C1F8E65AA00BE57C6 /* BoozeUp.swift */ = {isa = PBXFileReference; lastKnownFileType = sourcecode.swift; path = BoozeUp.swift; sourceTree = "<group>"; };
		7665F3C31F9CAE9700124A18 /* EndPoints.swift */ = {isa = PBXFileReference; fileEncoding = 4; lastKnownFileType = sourcecode.swift; path = EndPoints.swift; sourceTree = "<group>"; };
		7665F3C41F9CAE9700124A18 /* NetworkManager.swift */ = {isa = PBXFileReference; fileEncoding = 4; lastKnownFileType = sourcecode.swift; path = NetworkManager.swift; sourceTree = "<group>"; };
		766F23081F8F56770064EF77 /* Types.swift */ = {isa = PBXFileReference; lastKnownFileType = sourcecode.swift; path = Types.swift; sourceTree = "<group>"; };
		766F613E1F973451002AF7C4 /* Configuration.swift */ = {isa = PBXFileReference; lastKnownFileType = sourcecode.swift; path = Configuration.swift; sourceTree = "<group>"; };
		767D9A5A1FBB85C700682C88 /* BaseResponse.swift */ = {isa = PBXFileReference; lastKnownFileType = sourcecode.swift; path = BaseResponse.swift; sourceTree = "<group>"; };
		76896BC71FE3D83700009094 /* UIColor+Extension.swift */ = {isa = PBXFileReference; lastKnownFileType = sourcecode.swift; path = "UIColor+Extension.swift"; sourceTree = "<group>"; };
		76A793461F72A0F000C53BBC /* I am drinking.app */ = {isa = PBXFileReference; explicitFileType = wrapper.application; includeInIndex = 0; path = "I am drinking.app"; sourceTree = BUILT_PRODUCTS_DIR; };
		76A793491F72A0F000C53BBC /* AppDelegate.swift */ = {isa = PBXFileReference; lastKnownFileType = sourcecode.swift; path = AppDelegate.swift; sourceTree = "<group>"; };
		76A793551F72A0F000C53BBC /* Info.plist */ = {isa = PBXFileReference; lastKnownFileType = text.plist.xml; path = Info.plist; sourceTree = "<group>"; };
		76A7935D1F72A31500C53BBC /* Base */ = {isa = PBXFileReference; lastKnownFileType = file.storyboard; name = Base; path = Base.lproj/LaunchScreen.storyboard; sourceTree = "<group>"; };
		76A793611F72A31500C53BBC /* Base */ = {isa = PBXFileReference; lastKnownFileType = file.storyboard; name = Base; path = Base.lproj/Main.storyboard; sourceTree = "<group>"; };
		76A793631F72A31500C53BBC /* en */ = {isa = PBXFileReference; lastKnownFileType = text.plist.strings; name = en; path = en.lproj/Main.strings; sourceTree = "<group>"; };
		76A793661F72A31600C53BBC /* LocationViewController.swift */ = {isa = PBXFileReference; lastKnownFileType = sourcecode.swift; path = LocationViewController.swift; sourceTree = "<group>"; };
		76A793681F72A31600C53BBC /* DeviceID.swift */ = {isa = PBXFileReference; lastKnownFileType = sourcecode.swift; path = DeviceID.swift; sourceTree = "<group>"; };
		76A7936A1F72A31600C53BBC /* BoozeUpIconManager.swift */ = {isa = PBXFileReference; lastKnownFileType = sourcecode.swift; path = BoozeUpIconManager.swift; sourceTree = "<group>"; };
		76A7936C1F72A31600C53BBC /* Assets.xcassets */ = {isa = PBXFileReference; lastKnownFileType = folder.assetcatalog; path = Assets.xcassets; sourceTree = "<group>"; };
		76A7936F1F72A31600C53BBC /* ApiKeys.swift */ = {isa = PBXFileReference; lastKnownFileType = sourcecode.swift; path = ApiKeys.swift; sourceTree = "<group>"; };
		76A793701F72A31600C53BBC /* LocationsManager.swift */ = {isa = PBXFileReference; lastKnownFileType = sourcecode.swift; path = LocationsManager.swift; sourceTree = "<group>"; };
		8255D2EB871BA30AA364788A /* Pods_I_am_drinking.framework */ = {isa = PBXFileReference; explicitFileType = wrapper.framework; includeInIndex = 0; path = Pods_I_am_drinking.framework; sourceTree = BUILT_PRODUCTS_DIR; };
		F7AE85F52725AE69F660532D /* Pods-I am drinking.release.xcconfig */ = {isa = PBXFileReference; includeInIndex = 1; lastKnownFileType = text.xcconfig; name = "Pods-I am drinking.release.xcconfig"; path = "Pods/Target Support Files/Pods-I am drinking/Pods-I am drinking.release.xcconfig"; sourceTree = "<group>"; };
		FDC4A18445461870FB1A19A5 /* Pods-I am drinking.debug.xcconfig */ = {isa = PBXFileReference; includeInIndex = 1; lastKnownFileType = text.xcconfig; name = "Pods-I am drinking.debug.xcconfig"; path = "Pods/Target Support Files/Pods-I am drinking/Pods-I am drinking.debug.xcconfig"; sourceTree = "<group>"; };
/* End PBXFileReference section */

/* Begin PBXFrameworksBuildPhase section */
		76A793431F72A0F000C53BBC /* Frameworks */ = {
			isa = PBXFrameworksBuildPhase;
			buildActionMask = 2147483647;
			files = (
				1283BA5E26FB1C939CED08E1 /* Pods_I_am_drinking.framework in Frameworks */,
			);
			runOnlyForDeploymentPostprocessing = 0;
		};
/* End PBXFrameworksBuildPhase section */

/* Begin PBXGroup section */
		7665F3C21F9CAE9700124A18 /* Network */ = {
			isa = PBXGroup;
			children = (
				767D9A5A1FBB85C700682C88 /* BaseResponse.swift */,
				7665F3C31F9CAE9700124A18 /* EndPoints.swift */,
				7665F3C41F9CAE9700124A18 /* NetworkManager.swift */,
			);
			path = Network;
			sourceTree = "<group>";
		};
		766F23071F8F55100064EF77 /* Types */ = {
			isa = PBXGroup;
			children = (
				766F23081F8F56770064EF77 /* Types.swift */,
			);
			path = Types;
			sourceTree = "<group>";
		};
		76896BC61FE3D7E500009094 /* Extensions */ = {
			isa = PBXGroup;
			children = (
				76896BC71FE3D83700009094 /* UIColor+Extension.swift */,
			);
			path = Extensions;
			sourceTree = "<group>";
		};
		76A7933D1F72A0F000C53BBC = {
			isa = PBXGroup;
			children = (
				76A793481F72A0F000C53BBC /* I am drinking */,
				76A793641F72A31600C53BBC /* Sources */,
				76A7935B1F72A31500C53BBC /* Storyboards */,
				9D65C3A679B8E525D14F020A /* Frameworks */,
				7EBD659E811A875F73C59C95 /* Pods */,
				76A793471F72A0F000C53BBC /* Products */,
			);
			sourceTree = "<group>";
		};
		76A793471F72A0F000C53BBC /* Products */ = {
			isa = PBXGroup;
			children = (
				76A793461F72A0F000C53BBC /* I am drinking.app */,
			);
			name = Products;
			sourceTree = "<group>";
		};
		76A793481F72A0F000C53BBC /* I am drinking */ = {
			isa = PBXGroup;
			children = (
				76A793491F72A0F000C53BBC /* AppDelegate.swift */,
				76A793551F72A0F000C53BBC /* Info.plist */,
			);
			path = "I am drinking";
			sourceTree = "<group>";
		};
		76A7935B1F72A31500C53BBC /* Storyboards */ = {
			isa = PBXGroup;
			children = (
				76A7935C1F72A31500C53BBC /* LaunchScreen.storyboard */,
				76A793601F72A31500C53BBC /* Main.storyboard */,
				76A793621F72A31500C53BBC /* Main.strings */,
			);
			path = Storyboards;
			sourceTree = "<group>";
		};
		76A793641F72A31600C53BBC /* Sources */ = {
			isa = PBXGroup;
			children = (
				76A793651F72A31600C53BBC /* Controllers */,
				76A793671F72A31600C53BBC /* Models */,
				76A7936D1F72A31600C53BBC /* Utilities */,
				766F23071F8F55100064EF77 /* Types */,
				76896BC61FE3D7E500009094 /* Extensions */,
				76A7936B1F72A31600C53BBC /* Resources */,
			);
			path = Sources;
			sourceTree = "<group>";
		};
		76A793651F72A31600C53BBC /* Controllers */ = {
			isa = PBXGroup;
			children = (
				76A793661F72A31600C53BBC /* LocationViewController.swift */,
			);
			path = Controllers;
			sourceTree = "<group>";
		};
		76A793671F72A31600C53BBC /* Models */ = {
			isa = PBXGroup;
			children = (
				76A793681F72A31600C53BBC /* DeviceID.swift */,
				76328D1C1F8E65AA00BE57C6 /* BoozeUp.swift */,
				76A7936A1F72A31600C53BBC /* BoozeUpIconManager.swift */,
			);
			path = Models;
			sourceTree = "<group>";
		};
		76A7936B1F72A31600C53BBC /* Resources */ = {
			isa = PBXGroup;
			children = (
				76A7936C1F72A31600C53BBC /* Assets.xcassets */,
			);
			path = Resources;
			sourceTree = "<group>";
		};
		76A7936D1F72A31600C53BBC /* Utilities */ = {
			isa = PBXGroup;
			children = (
				7665F3C21F9CAE9700124A18 /* Network */,
				76A793701F72A31600C53BBC /* LocationsManager.swift */,
				76A7936F1F72A31600C53BBC /* ApiKeys.swift */,
				766F613E1F973451002AF7C4 /* Configuration.swift */,
			);
			path = Utilities;
			sourceTree = "<group>";
		};
		7EBD659E811A875F73C59C95 /* Pods */ = {
			isa = PBXGroup;
			children = (
				FDC4A18445461870FB1A19A5 /* Pods-I am drinking.debug.xcconfig */,
				F7AE85F52725AE69F660532D /* Pods-I am drinking.release.xcconfig */,
			);
			name = Pods;
			sourceTree = "<group>";
		};
		9D65C3A679B8E525D14F020A /* Frameworks */ = {
			isa = PBXGroup;
			children = (
				8255D2EB871BA30AA364788A /* Pods_I_am_drinking.framework */,
			);
			name = Frameworks;
			sourceTree = "<group>";
		};
/* End PBXGroup section */

/* Begin PBXNativeTarget section */
		76A793451F72A0F000C53BBC /* I am drinking */ = {
			isa = PBXNativeTarget;
			buildConfigurationList = 76A793581F72A0F000C53BBC /* Build configuration list for PBXNativeTarget "I am drinking" */;
			buildPhases = (
				1E4D602FDD2C82F7E6C3DB7A /* [CP] Check Pods Manifest.lock */,
				76A793421F72A0F000C53BBC /* Sources */,
				76A793431F72A0F000C53BBC /* Frameworks */,
				76A793441F72A0F000C53BBC /* Resources */,
				95F91C31D3DA33F3D7B60A42 /* [CP] Embed Pods Frameworks */,
				9F67B7B6D44D6499832A6E1E /* [CP] Copy Pods Resources */,
				765947B61FCAB10D0071108D /* ShellScript */,
			);
			buildRules = (
			);
			dependencies = (
			);
			name = "I am drinking";
			productName = "I am drinking";
			productReference = 76A793461F72A0F000C53BBC /* I am drinking.app */;
			productType = "com.apple.product-type.application";
		};
/* End PBXNativeTarget section */

/* Begin PBXProject section */
		76A7933E1F72A0F000C53BBC /* Project object */ = {
			isa = PBXProject;
			attributes = {
				LastSwiftUpdateCheck = 0900;
				LastUpgradeCheck = 0930;
				ORGANIZATIONNAME = "Vadym Yakovliev";
				TargetAttributes = {
					76A793451F72A0F000C53BBC = {
						CreatedOnToolsVersion = 9.0;
						ProvisioningStyle = Automatic;
					};
				};
			};
			buildConfigurationList = 76A793411F72A0F000C53BBC /* Build configuration list for PBXProject "I am drinking" */;
			compatibilityVersion = "Xcode 8.0";
			developmentRegion = en;
			hasScannedForEncodings = 0;
			knownRegions = (
				en,
				Base,
			);
			mainGroup = 76A7933D1F72A0F000C53BBC;
			productRefGroup = 76A793471F72A0F000C53BBC /* Products */;
			projectDirPath = "";
			projectRoot = "";
			targets = (
				76A793451F72A0F000C53BBC /* I am drinking */,
			);
		};
/* End PBXProject section */

/* Begin PBXResourcesBuildPhase section */
		76A793441F72A0F000C53BBC /* Resources */ = {
			isa = PBXResourcesBuildPhase;
			buildActionMask = 2147483647;
			files = (
				7656342B1F738AE300EC6573 /* Main.storyboard in Resources */,
				76AB939A1F8DEEE1004DC4E9 /* Assets.xcassets in Resources */,
				7656342C1F738AE700EC6573 /* LaunchScreen.storyboard in Resources */,
			);
			runOnlyForDeploymentPostprocessing = 0;
		};
/* End PBXResourcesBuildPhase section */

/* Begin PBXShellScriptBuildPhase section */
		1E4D602FDD2C82F7E6C3DB7A /* [CP] Check Pods Manifest.lock */ = {
			isa = PBXShellScriptBuildPhase;
			buildActionMask = 2147483647;
			files = (
			);
			inputPaths = (
				"${PODS_PODFILE_DIR_PATH}/Podfile.lock",
				"${PODS_ROOT}/Manifest.lock",
			);
			name = "[CP] Check Pods Manifest.lock";
			outputPaths = (
				"$(DERIVED_FILE_DIR)/Pods-I am drinking-checkManifestLockResult.txt",
			);
			runOnlyForDeploymentPostprocessing = 0;
			shellPath = /bin/sh;
			shellScript = "diff \"${PODS_PODFILE_DIR_PATH}/Podfile.lock\" \"${PODS_ROOT}/Manifest.lock\" > /dev/null\nif [ $? != 0 ] ; then\n    # print error to STDERR\n    echo \"error: The sandbox is not in sync with the Podfile.lock. Run 'pod install' or update your CocoaPods installation.\" >&2\n    exit 1\nfi\n# This output is used by Xcode 'outputs' to avoid re-running this script phase.\necho \"SUCCESS\" > \"${SCRIPT_OUTPUT_FILE_0}\"\n";
			showEnvVarsInLog = 0;
		};
		765947B61FCAB10D0071108D /* ShellScript */ = {
			isa = PBXShellScriptBuildPhase;
			buildActionMask = 2147483647;
			files = (
			);
			inputPaths = (
			);
			outputPaths = (
			);
			runOnlyForDeploymentPostprocessing = 0;
			shellPath = /bin/sh;
			shellScript = "./Fabric.framework/run f35609409ab7ca5f06c84f53822896cdf0e92084 8ef18bdd2144a4067bb18d83e09addc246ece28c166aa7722a2fdeb9e54c38ba";
		};
		95F91C31D3DA33F3D7B60A42 /* [CP] Embed Pods Frameworks */ = {
			isa = PBXShellScriptBuildPhase;
			buildActionMask = 2147483647;
			files = (
			);
			inputPaths = (
				"${SRCROOT}/Pods/Target Support Files/Pods-I am drinking/Pods-I am drinking-frameworks.sh",
				"${BUILT_PRODUCTS_DIR}/Alamofire/Alamofire.framework",
				"${BUILT_PRODUCTS_DIR}/CFNotify/CFNotify.framework",
				"${BUILT_PRODUCTS_DIR}/Instructions/Instructions.framework",
				"${BUILT_PRODUCTS_DIR}/ObjectMapper/ObjectMapper.framework",
			);
			name = "[CP] Embed Pods Frameworks";
			outputPaths = (
				"${TARGET_BUILD_DIR}/${FRAMEWORKS_FOLDER_PATH}/Alamofire.framework",
				"${TARGET_BUILD_DIR}/${FRAMEWORKS_FOLDER_PATH}/CFNotify.framework",
				"${TARGET_BUILD_DIR}/${FRAMEWORKS_FOLDER_PATH}/Instructions.framework",
				"${TARGET_BUILD_DIR}/${FRAMEWORKS_FOLDER_PATH}/ObjectMapper.framework",
			);
			runOnlyForDeploymentPostprocessing = 0;
			shellPath = /bin/sh;
			shellScript = "\"${SRCROOT}/Pods/Target Support Files/Pods-I am drinking/Pods-I am drinking-frameworks.sh\"\n";
			showEnvVarsInLog = 0;
		};
		9F67B7B6D44D6499832A6E1E /* [CP] Copy Pods Resources */ = {
			isa = PBXShellScriptBuildPhase;
			buildActionMask = 2147483647;
			files = (
			);
			inputPaths = (
				"${SRCROOT}/Pods/Target Support Files/Pods-I am drinking/Pods-I am drinking-resources.sh",
				"${PODS_ROOT}/GoogleMaps/Maps/Frameworks/GoogleMaps.framework/Resources/GoogleMaps.bundle",
			);
			name = "[CP] Copy Pods Resources";
			outputPaths = (
				"${TARGET_BUILD_DIR}/${UNLOCALIZED_RESOURCES_FOLDER_PATH}/GoogleMaps.bundle",
			);
			runOnlyForDeploymentPostprocessing = 0;
			shellPath = /bin/sh;
			shellScript = "\"${SRCROOT}/Pods/Target Support Files/Pods-I am drinking/Pods-I am drinking-resources.sh\"\n";
			showEnvVarsInLog = 0;
		};
/* End PBXShellScriptBuildPhase section */

/* Begin PBXSourcesBuildPhase section */
		76A793421F72A0F000C53BBC /* Sources */ = {
			isa = PBXSourcesBuildPhase;
			buildActionMask = 2147483647;
			files = (
				7665F3C61F9CAE9700124A18 /* NetworkManager.swift in Sources */,
				76A793751F72A94A00C53BBC /* ApiKeys.swift in Sources */,
				766F23091F8F56770064EF77 /* Types.swift in Sources */,
				767D9A5B1FBB85C700682C88 /* BaseResponse.swift in Sources */,
				76A793741F72A94700C53BBC /* LocationsManager.swift in Sources */,
				76A793791F72A95E00C53BBC /* BoozeUpIconManager.swift in Sources */,
				766F613F1F973451002AF7C4 /* Configuration.swift in Sources */,
				76A793771F72A95700C53BBC /* DeviceID.swift in Sources */,
				76A793761F72A95100C53BBC /* LocationViewController.swift in Sources */,
				76328D1D1F8E65AA00BE57C6 /* BoozeUp.swift in Sources */,
				76896BC81FE3D83700009094 /* UIColor+Extension.swift in Sources */,
				76A7934A1F72A0F000C53BBC /* AppDelegate.swift in Sources */,
				7665F3C51F9CAE9700124A18 /* EndPoints.swift in Sources */,
			);
			runOnlyForDeploymentPostprocessing = 0;
		};
/* End PBXSourcesBuildPhase section */

/* Begin PBXVariantGroup section */
		76A7935C1F72A31500C53BBC /* LaunchScreen.storyboard */ = {
			isa = PBXVariantGroup;
			children = (
				76A7935D1F72A31500C53BBC /* Base */,
			);
			name = LaunchScreen.storyboard;
			sourceTree = "<group>";
		};
		76A793601F72A31500C53BBC /* Main.storyboard */ = {
			isa = PBXVariantGroup;
			children = (
				76A793611F72A31500C53BBC /* Base */,
			);
			name = Main.storyboard;
			sourceTree = "<group>";
		};
		76A793621F72A31500C53BBC /* Main.strings */ = {
			isa = PBXVariantGroup;
			children = (
				76A793631F72A31500C53BBC /* en */,
			);
			name = Main.strings;
			sourceTree = "<group>";
		};
/* End PBXVariantGroup section */

/* Begin XCBuildConfiguration section */
		76A793561F72A0F000C53BBC /* Debug */ = {
			isa = XCBuildConfiguration;
			buildSettings = {
				ALWAYS_SEARCH_USER_PATHS = NO;
				CLANG_ANALYZER_NONNULL = YES;
				CLANG_ANALYZER_NUMBER_OBJECT_CONVERSION = YES_AGGRESSIVE;
				CLANG_CXX_LANGUAGE_STANDARD = "gnu++14";
				CLANG_CXX_LIBRARY = "libc++";
				CLANG_ENABLE_MODULES = YES;
				CLANG_ENABLE_OBJC_ARC = YES;
				CLANG_WARN_BLOCK_CAPTURE_AUTORELEASING = YES;
				CLANG_WARN_BOOL_CONVERSION = YES;
				CLANG_WARN_COMMA = YES;
				CLANG_WARN_CONSTANT_CONVERSION = YES;
				CLANG_WARN_DEPRECATED_OBJC_IMPLEMENTATIONS = YES;
				CLANG_WARN_DIRECT_OBJC_ISA_USAGE = YES_ERROR;
				CLANG_WARN_DOCUMENTATION_COMMENTS = YES;
				CLANG_WARN_EMPTY_BODY = YES;
				CLANG_WARN_ENUM_CONVERSION = YES;
				CLANG_WARN_INFINITE_RECURSION = YES;
				CLANG_WARN_INT_CONVERSION = YES;
				CLANG_WARN_NON_LITERAL_NULL_CONVERSION = YES;
				CLANG_WARN_OBJC_IMPLICIT_RETAIN_SELF = YES;
				CLANG_WARN_OBJC_LITERAL_CONVERSION = YES;
				CLANG_WARN_OBJC_ROOT_CLASS = YES_ERROR;
				CLANG_WARN_RANGE_LOOP_ANALYSIS = YES;
				CLANG_WARN_STRICT_PROTOTYPES = YES;
				CLANG_WARN_SUSPICIOUS_MOVE = YES;
				CLANG_WARN_UNGUARDED_AVAILABILITY = YES_AGGRESSIVE;
				CLANG_WARN_UNREACHABLE_CODE = YES;
				CLANG_WARN__DUPLICATE_METHOD_MATCH = YES;
				CODE_SIGN_IDENTITY = "iPhone Developer";
				COPY_PHASE_STRIP = NO;
				DEBUG_INFORMATION_FORMAT = dwarf;
				ENABLE_STRICT_OBJC_MSGSEND = YES;
				ENABLE_TESTABILITY = YES;
				GCC_C_LANGUAGE_STANDARD = gnu11;
				GCC_DYNAMIC_NO_PIC = NO;
				GCC_NO_COMMON_BLOCKS = YES;
				GCC_OPTIMIZATION_LEVEL = 0;
				GCC_PREPROCESSOR_DEFINITIONS = (
					"DEBUG=1",
					"$(inherited)",
				);
				GCC_WARN_64_TO_32_BIT_CONVERSION = YES;
				GCC_WARN_ABOUT_RETURN_TYPE = YES_ERROR;
				GCC_WARN_UNDECLARED_SELECTOR = YES;
				GCC_WARN_UNINITIALIZED_AUTOS = YES_AGGRESSIVE;
				GCC_WARN_UNUSED_FUNCTION = YES;
				GCC_WARN_UNUSED_VARIABLE = YES;
				IPHONEOS_DEPLOYMENT_TARGET = 10.0;
				MTL_ENABLE_DEBUG_INFO = YES;
				ONLY_ACTIVE_ARCH = YES;
				SDKROOT = iphoneos;
				SWIFT_ACTIVE_COMPILATION_CONDITIONS = DEBUG;
				SWIFT_OPTIMIZATION_LEVEL = "-Onone";
			};
			name = Debug;
		};
		76A793571F72A0F000C53BBC /* Release */ = {
			isa = XCBuildConfiguration;
			buildSettings = {
				ALWAYS_SEARCH_USER_PATHS = NO;
				CLANG_ANALYZER_NONNULL = YES;
				CLANG_ANALYZER_NUMBER_OBJECT_CONVERSION = YES_AGGRESSIVE;
				CLANG_CXX_LANGUAGE_STANDARD = "gnu++14";
				CLANG_CXX_LIBRARY = "libc++";
				CLANG_ENABLE_MODULES = YES;
				CLANG_ENABLE_OBJC_ARC = YES;
				CLANG_WARN_BLOCK_CAPTURE_AUTORELEASING = YES;
				CLANG_WARN_BOOL_CONVERSION = YES;
				CLANG_WARN_COMMA = YES;
				CLANG_WARN_CONSTANT_CONVERSION = YES;
				CLANG_WARN_DEPRECATED_OBJC_IMPLEMENTATIONS = YES;
				CLANG_WARN_DIRECT_OBJC_ISA_USAGE = YES_ERROR;
				CLANG_WARN_DOCUMENTATION_COMMENTS = YES;
				CLANG_WARN_EMPTY_BODY = YES;
				CLANG_WARN_ENUM_CONVERSION = YES;
				CLANG_WARN_INFINITE_RECURSION = YES;
				CLANG_WARN_INT_CONVERSION = YES;
				CLANG_WARN_NON_LITERAL_NULL_CONVERSION = YES;
				CLANG_WARN_OBJC_IMPLICIT_RETAIN_SELF = YES;
				CLANG_WARN_OBJC_LITERAL_CONVERSION = YES;
				CLANG_WARN_OBJC_ROOT_CLASS = YES_ERROR;
				CLANG_WARN_RANGE_LOOP_ANALYSIS = YES;
				CLANG_WARN_STRICT_PROTOTYPES = YES;
				CLANG_WARN_SUSPICIOUS_MOVE = YES;
				CLANG_WARN_UNGUARDED_AVAILABILITY = YES_AGGRESSIVE;
				CLANG_WARN_UNREACHABLE_CODE = YES;
				CLANG_WARN__DUPLICATE_METHOD_MATCH = YES;
				CODE_SIGN_IDENTITY = "iPhone Developer";
				COPY_PHASE_STRIP = NO;
				DEBUG_INFORMATION_FORMAT = "dwarf-with-dsym";
				ENABLE_NS_ASSERTIONS = NO;
				ENABLE_STRICT_OBJC_MSGSEND = YES;
				GCC_C_LANGUAGE_STANDARD = gnu11;
				GCC_NO_COMMON_BLOCKS = YES;
				GCC_WARN_64_TO_32_BIT_CONVERSION = YES;
				GCC_WARN_ABOUT_RETURN_TYPE = YES_ERROR;
				GCC_WARN_UNDECLARED_SELECTOR = YES;
				GCC_WARN_UNINITIALIZED_AUTOS = YES_AGGRESSIVE;
				GCC_WARN_UNUSED_FUNCTION = YES;
				GCC_WARN_UNUSED_VARIABLE = YES;
				IPHONEOS_DEPLOYMENT_TARGET = 10.0;
				MTL_ENABLE_DEBUG_INFO = NO;
				SDKROOT = iphoneos;
				SWIFT_OPTIMIZATION_LEVEL = "-Owholemodule";
				VALIDATE_PRODUCT = YES;
			};
			name = Release;
		};
		76A793591F72A0F000C53BBC /* Debug */ = {
			isa = XCBuildConfiguration;
			baseConfigurationReference = FDC4A18445461870FB1A19A5 /* Pods-I am drinking.debug.xcconfig */;
			buildSettings = {
				ASSETCATALOG_COMPILER_APPICON_NAME = AppIcon;
				CODE_SIGN_STYLE = Automatic;
				DEBUG_INFORMATION_FORMAT = "dwarf-with-dsym";
				DEVELOPMENT_TEAM = 4PU97M7F5F;
				INFOPLIST_FILE = "I am drinking/Info.plist";
				IPHONEOS_DEPLOYMENT_TARGET = 10.0;
				LD_RUNPATH_SEARCH_PATHS = "$(inherited) @executable_path/Frameworks";
				PRODUCT_BUNDLE_IDENTIFIER = "com.vadymyakovliev.I-am-drinking";
				PRODUCT_NAME = "$(TARGET_NAME)";
				SWIFT_VERSION = 4.0;
				TARGETED_DEVICE_FAMILY = 1;
			};
			name = Debug;
		};
		76A7935A1F72A0F000C53BBC /* Release */ = {
			isa = XCBuildConfiguration;
			baseConfigurationReference = F7AE85F52725AE69F660532D /* Pods-I am drinking.release.xcconfig */;
			buildSettings = {
				ASSETCATALOG_COMPILER_APPICON_NAME = AppIcon;
				CODE_SIGN_STYLE = Automatic;
				DEBUG_INFORMATION_FORMAT = "dwarf-with-dsym";
				DEVELOPMENT_TEAM = 4PU97M7F5F;
				INFOPLIST_FILE = "I am drinking/Info.plist";
				IPHONEOS_DEPLOYMENT_TARGET = 10.0;
				LD_RUNPATH_SEARCH_PATHS = "$(inherited) @executable_path/Frameworks";
				PRODUCT_BUNDLE_IDENTIFIER = "com.vadymyakovliev.I-am-drinking";
				PRODUCT_NAME = "$(TARGET_NAME)";
				SWIFT_VERSION = 4.0;
				TARGETED_DEVICE_FAMILY = 1;
			};
			name = Release;
		};
/* End XCBuildConfiguration section */

/* Begin XCConfigurationList section */
		76A793411F72A0F000C53BBC /* Build configuration list for PBXProject "I am drinking" */ = {
			isa = XCConfigurationList;
			buildConfigurations = (
				76A793561F72A0F000C53BBC /* Debug */,
				76A793571F72A0F000C53BBC /* Release */,
			);
			defaultConfigurationIsVisible = 0;
			defaultConfigurationName = Release;
		};
		76A793581F72A0F000C53BBC /* Build configuration list for PBXNativeTarget "I am drinking" */ = {
			isa = XCConfigurationList;
			buildConfigurations = (
				76A793591F72A0F000C53BBC /* Debug */,
				76A7935A1F72A0F000C53BBC /* Release */,
			);
			defaultConfigurationIsVisible = 0;
			defaultConfigurationName = Release;
		};
/* End XCConfigurationList section */
	};
	rootObject = 76A7933E1F72A0F000C53BBC /* Project object */;
}
